
Microsoft Visual Studio Solution File, Format Version 12.00
# Visual Studio Version 16
VisualStudioVersion = 16.0.30406.217
MinimumVisualStudioVersion = 10.0.40219.1
Project("{FAE04EC0-301F-11D3-BF4B-00C04F79EFBC}") = "00_委托是方法的类型", "10_9_代码\00_委托是方法的类型.csproj", "{FA52CD6B-F7DB-442F-B006-8D13C39228D3}"
EndProject
Project("{FAE04EC0-301F-11D3-BF4B-00C04F79EFBC}") = "01_委托的调用", "01_委托的调用\01_委托的调用.csproj", "{E61A56B7-99C3-4C6F-BBDF-EEAFEA630973}"
EndProject
Project("{FAE04EC0-301F-11D3-BF4B-00C04F79EFBC}") = "02_委托实现节约代码", "02_委托实现节约代码\02_委托实现节约代码.csproj", "{29A1A17A-B0C0-4F7D-B543-C61CA8EFE292}"
EndProject
Project("{FAE04EC0-301F-11D3-BF4B-00C04F79EFBC}") = "03_组合委托", "03_组合委托\03_组合委托.csproj", "{4177DCAF-45F0-41D6-A16E-9132171A3A3B}"
EndProject
Global
	GlobalSection(SolutionConfigurationPlatforms) = preSolution
		Debug|Any CPU = Debug|Any CPU
		Release|Any CPU = Release|Any CPU
	EndGlobalSection
	GlobalSection(ProjectConfigurationPlatforms) = postSolution
		{FA52CD6B-F7DB-442F-B006-8D13C39228D3}.Debug|Any CPU.ActiveCfg = Debug|Any CPU
		{FA52CD6B-F7DB-442F-B006-8D13C39228D3}.Debug|Any CPU.Build.0 = Debug|Any CPU
		{FA52CD6B-F7DB-442F-B006-8D13C39228D3}.Release|Any CPU.ActiveCfg = Release|Any CPU
		{FA52CD6B-F7DB-442F-B006-8D13C39228D3}.Release|Any CPU.Build.0 = Release|Any CPU
		{E61A56B7-99C3-4C6F-BBDF-EEAFEA630973}.Debug|Any CPU.ActiveCfg = Debug|Any CPU
		{E61A56B7-99C3-4C6F-BBDF-EEAFEA630973}.Debug|Any CPU.Build.0 = Debug|Any CPU
		{E61A56B7-99C3-4C6F-BBDF-EEAFEA630973}.Release|Any CPU.ActiveCfg = Release|Any CPU
		{E61A56B7-99C3-4C6F-BBDF-EEAFEA630973}.Release|Any CPU.Build.0 = Release|Any CPU
		{29A1A17A-B0C0-4F7D-B543-C61CA8EFE292}.Debug|Any CPU.ActiveCfg = Debug|Any CPU
		{29A1A17A-B0C0-4F7D-B543-C61CA8EFE292}.Debug|Any CPU.Build.0 = Debug|Any CPU
		{29A1A17A-B0C0-4F7D-B543-C61CA8EFE292}.Release|Any CPU.ActiveCfg = Release|Any CPU
		{29A1A17A-B0C0-4F7D-B543-C61CA8EFE292}.Release|Any CPU.Build.0 = Release|Any CPU
		{4177DCAF-45F0-41D6-A16E-9132171A3A3B}.Debug|Any CPU.ActiveCfg = Debug|Any CPU
		{4177DCAF-45F0-41D6-A16E-9132171A3A3B}.Debug|Any CPU.Build.0 = Debug|Any CPU
		{4177DCAF-45F0-41D6-A16E-9132171A3A3B}.Release|Any CPU.ActiveCfg = Release|Any CPU
		{4177DCAF-45F0-41D6-A16E-9132171A3A3B}.Release|Any CPU.Build.0 = Release|Any CPU
	EndGlobalSection
	GlobalSection(SolutionProperties) = preSolution
		HideSolutionNode = FALSE
	EndGlobalSection
	GlobalSection(ExtensibilityGlobals) = postSolution
		SolutionGuid = {E1E03897-1BEC-45B4-915D-F9CAA255F95A}
	EndGlobalSection
EndGlobal
